
Microsoft Visual Studio Solution File, Format Version 12.00
# Visual Studio Version 16
VisualStudioVersion = 16.0.31729.503
MinimumVisualStudioVersion = 10.0.40219.1
Project("{9A19103F-16F7-4668-BE54-9A1E7A4F7556}") = "NetCore.CustomMiddleware", "NetCore.CustomMiddleware\NetCore.CustomMiddleware.csproj", "{8D282991-034C-427A-AAA3-7A7B2C969548}"
EndProject
Project("{FAE04EC0-301F-11D3-BF4B-00C04F79EFBC}") = "NetCore.CustomMiddleware.MVC", "NetCore.CustomMiddleware.MVC\NetCore.CustomMiddleware.MVC.csproj", "{BF0CC3D4-D80E-41A8-9C83-8BE1FDCCD8F4}"
EndProject
Global
	GlobalSection(SolutionConfigurationPlatforms) = preSolution
		Debug|Any CPU = Debug|Any CPU
		Release|Any CPU = Release|Any CPU
	EndGlobalSection
	GlobalSection(ProjectConfigurationPlatforms) = postSolution
		{8D282991-034C-427A-AAA3-7A7B2C969548}.Debug|Any CPU.ActiveCfg = Debug|Any CPU
		{8D282991-034C-427A-AAA3-7A7B2C969548}.Debug|Any CPU.Build.0 = Debug|Any CPU
		{8D282991-034C-427A-AAA3-7A7B2C969548}.Release|Any CPU.ActiveCfg = Release|Any CPU
		{8D282991-034C-427A-AAA3-7A7B2C969548}.Release|Any CPU.Build.0 = Release|Any CPU
		{BF0CC3D4-D80E-41A8-9C83-8BE1FDCCD8F4}.Debug|Any CPU.ActiveCfg = Debug|Any CPU
		{BF0CC3D4-D80E-41A8-9C83-8BE1FDCCD8F4}.Debug|Any CPU.Build.0 = Debug|Any CPU
		{BF0CC3D4-D80E-41A8-9C83-8BE1FDCCD8F4}.Release|Any CPU.ActiveCfg = Release|Any CPU
		{BF0CC3D4-D80E-41A8-9C83-8BE1FDCCD8F4}.Release|Any CPU.Build.0 = Release|Any CPU
	EndGlobalSection
	GlobalSection(SolutionProperties) = preSolution
		HideSolutionNode = FALSE
	EndGlobalSection
	GlobalSection(ExtensibilityGlobals) = postSolution
		SolutionGuid = {376DBC26-B757-4BB2-A4A1-4F942CAE2EB2}
	EndGlobalSection
EndGlobal
